
Microsoft Visual Studio Solution File, Format Version 12.00
# Visual Studio 2017
Project("{FAE04EC0-301F-11D3-BF4B-00C04F79EFBC}") = "Pekemon.Plugins", "Pekemon.Plugins.csproj", "{D89ED526-9A4D-8777-00D1-695C4255BAA0}"
EndProject
Project("{FAE04EC0-301F-11D3-BF4B-00C04F79EFBC}") = "Pekemon", "Pekemon.csproj", "{DE1C7132-52D9-70BB-2B16-C4CE1FCE0419}"
EndProject
Project("{FAE04EC0-301F-11D3-BF4B-00C04F79EFBC}") = "Pekemon.Editor", "Pekemon.Editor.csproj", "{B2D83877-D7BE-FB44-93D2-526DB4EC49D3}"
EndProject
Global
	GlobalSection(SolutionConfigurationPlatforms) = preSolution
		Debug|Any CPU = Debug|Any CPU
		Release|Any CPU = Release|Any CPU
	EndGlobalSection
	GlobalSection(ProjectConfigurationPlatforms) = postSolution
		{D89ED526-9A4D-8777-00D1-695C4255BAA0}.Debug|Any CPU.ActiveCfg = Debug|Any CPU
		{D89ED526-9A4D-8777-00D1-695C4255BAA0}.Debug|Any CPU.Build.0 = Debug|Any CPU
		{D89ED526-9A4D-8777-00D1-695C4255BAA0}.Release|Any CPU.ActiveCfg = Release|Any CPU
		{D89ED526-9A4D-8777-00D1-695C4255BAA0}.Release|Any CPU.Build.0 = Release|Any CPU
		{DE1C7132-52D9-70BB-2B16-C4CE1FCE0419}.Debug|Any CPU.ActiveCfg = Debug|Any CPU
		{DE1C7132-52D9-70BB-2B16-C4CE1FCE0419}.Debug|Any CPU.Build.0 = Debug|Any CPU
		{DE1C7132-52D9-70BB-2B16-C4CE1FCE0419}.Release|Any CPU.ActiveCfg = Release|Any CPU
		{DE1C7132-52D9-70BB-2B16-C4CE1FCE0419}.Release|Any CPU.Build.0 = Release|Any CPU
		{B2D83877-D7BE-FB44-93D2-526DB4EC49D3}.Debug|Any CPU.ActiveCfg = Debug|Any CPU
		{B2D83877-D7BE-FB44-93D2-526DB4EC49D3}.Debug|Any CPU.Build.0 = Debug|Any CPU
		{B2D83877-D7BE-FB44-93D2-526DB4EC49D3}.Release|Any CPU.ActiveCfg = Release|Any CPU
		{B2D83877-D7BE-FB44-93D2-526DB4EC49D3}.Release|Any CPU.Build.0 = Release|Any CPU
	EndGlobalSection
	GlobalSection(SolutionProperties) = preSolution
		HideSolutionNode = FALSE
	EndGlobalSection
EndGlobal
